
Microsoft Visual Studio Solution File, Format Version 12.00
# Visual Studio Version 17
VisualStudioVersion = 17.14.36518.9 d17.14
MinimumVisualStudioVersion = 10.0.40219.1
Project("{FAE04EC0-301F-11D3-BF4B-00C04F79EFBC}") = "ASTRE", "ASTRE.csproj", "{279FA2FF-51F2-862C-965B-A027249C09D3}"
EndProject
Global
	GlobalSection(SolutionConfigurationPlatforms) = preSolution
		Debug|Any CPU = Debug|Any CPU
		Release|Any CPU = Release|Any CPU
	EndGlobalSection
	GlobalSection(ProjectConfigurationPlatforms) = postSolution
		{279FA2FF-51F2-862C-965B-A027249C09D3}.Debug|Any CPU.ActiveCfg = Debug|Any CPU
		{279FA2FF-51F2-862C-965B-A027249C09D3}.Debug|Any CPU.Build.0 = Debug|Any CPU
		{279FA2FF-51F2-862C-965B-A027249C09D3}.Release|Any CPU.ActiveCfg = Release|Any CPU
		{279FA2FF-51F2-862C-965B-A027249C09D3}.Release|Any CPU.Build.0 = Release|Any CPU
	EndGlobalSection
	GlobalSection(SolutionProperties) = preSolution
		HideSolutionNode = FALSE
	EndGlobalSection
	GlobalSection(ExtensibilityGlobals) = postSolution
		SolutionGuid = {C8D72C53-2101-429E-86CA-D17738050180}
	EndGlobalSection
EndGlobal
